// !$*UTF8*$!
{
	archiveVersion = 1;
	classes = {
	};
	objectVersion = 55;
	objects = {

/* Begin PBXBuildFile section */
		3803F9592962609900030C35 /* AMDmath.cpp in Sources */ = {isa = PBXBuildFile; fileRef = 3803F9572962609800030C35 /* AMDmath.cpp */; };
		3826BD5D295E4F1100938F3B /* main.cpp in Sources */ = {isa = PBXBuildFile; fileRef = 3826BD5C295E4F1100938F3B /* main.cpp */; };
		3826BD69295E5BD500938F3B /* OpenGL.framework in Frameworks */ = {isa = PBXBuildFile; fileRef = 3826BD68295E5BD500938F3B /* OpenGL.framework */; };
		3826BD6B295E5C3800938F3B /* GLUT.framework in Frameworks */ = {isa = PBXBuildFile; fileRef = 3826BD6A295E5C3800938F3B /* GLUT.framework */; };
		3826BD6D295E5CD500938F3B /* libGLEW.2.2.0.dylib in Frameworks */ = {isa = PBXBuildFile; fileRef = 3826BD6C295E5CD500938F3B /* libGLEW.2.2.0.dylib */; };
		3826BD6E295E5CD500938F3B /* libGLEW.2.2.0.dylib in Embed Libraries */ = {isa = PBXBuildFile; fileRef = 3826BD6C295E5CD500938F3B /* libGLEW.2.2.0.dylib */; settings = {ATTRIBUTES = (CodeSignOnCopy, ); }; };
		3826BD71295E5D1600938F3B /* libglfw.3.3.dylib in Frameworks */ = {isa = PBXBuildFile; fileRef = 3826BD70295E5D1600938F3B /* libglfw.3.3.dylib */; };
		385A5C2E2968EBD000D500A7 /* vertexbuffer.cpp in Sources */ = {isa = PBXBuildFile; fileRef = 385A5C2D2968EBD000D500A7 /* vertexbuffer.cpp */; };
		389038F62964E63200F0E74B /* vertexarray.cpp in Sources */ = {isa = PBXBuildFile; fileRef = 389038F42964E63200F0E74B /* vertexarray.cpp */; };
		389038FA2964E8EA00F0E74B /* Object.cpp in Sources */ = {isa = PBXBuildFile; fileRef = 389038F82964E8EA00F0E74B /* Object.cpp */; };
		389038FD2964EB2500F0E74B /* shader.cpp in Sources */ = {isa = PBXBuildFile; fileRef = 389038FC2964EB2500F0E74B /* shader.cpp */; };
		389039002964EB5600F0E74B /* Operations.cpp in Sources */ = {isa = PBXBuildFile; fileRef = 389038FE2964EB5600F0E74B /* Operations.cpp */; };
		389039032964EB8100F0E74B /* Shapes.cpp in Sources */ = {isa = PBXBuildFile; fileRef = 389039012964EB8100F0E74B /* Shapes.cpp */; };
		38D212BE2968FDB600F69BE5 /* my_UI.cpp in Sources */ = {isa = PBXBuildFile; fileRef = 38D212BD2968FDB600F69BE5 /* my_UI.cpp */; };
		38D212CB296907E000F69BE5 /* imgui.cpp in Sources */ = {isa = PBXBuildFile; fileRef = 38D212BF296907E000F69BE5 /* imgui.cpp */; };
		38D212CC296907E000F69BE5 /* imgui_demo.cpp in Sources */ = {isa = PBXBuildFile; fileRef = 38D212C1296907E000F69BE5 /* imgui_demo.cpp */; };
		38D212CD296907E000F69BE5 /* imgui_widgets.cpp in Sources */ = {isa = PBXBuildFile; fileRef = 38D212C5296907E000F69BE5 /* imgui_widgets.cpp */; };
		38D212CE296907E000F69BE5 /* imgui_draw.cpp in Sources */ = {isa = PBXBuildFile; fileRef = 38D212C6296907E000F69BE5 /* imgui_draw.cpp */; };
		38D212CF296907E000F69BE5 /* imgui_tables.cpp in Sources */ = {isa = PBXBuildFile; fileRef = 38D212C8296907E000F69BE5 /* imgui_tables.cpp */; };
		38D212D3296907FC00F69BE5 /* imgui_impl_opengl3.cpp in Sources */ = {isa = PBXBuildFile; fileRef = 38D212D1296907FC00F69BE5 /* imgui_impl_opengl3.cpp */; };
		38D212D62969084000F69BE5 /* imgui_impl_glfw.cpp in Sources */ = {isa = PBXBuildFile; fileRef = 38D212D42969084000F69BE5 /* imgui_impl_glfw.cpp */; };
/* End PBXBuildFile section */

/* Begin PBXCopyFilesBuildPhase section */
		3826BD57295E4F1000938F3B /* CopyFiles */ = {
			isa = PBXCopyFilesBuildPhase;
			buildActionMask = 2147483647;
			dstPath = /usr/share/man/man1/;
			dstSubfolderSpec = 0;
			files = (
			);
			runOnlyForDeploymentPostprocessing = 1;
		};
		3826BD6F295E5CD500938F3B /* Embed Libraries */ = {
			isa = PBXCopyFilesBuildPhase;
			buildActionMask = 2147483647;
			dstPath = "";
			dstSubfolderSpec = 10;
			files = (
				3826BD6E295E5CD500938F3B /* libGLEW.2.2.0.dylib in Embed Libraries */,
			);
			name = "Embed Libraries";
			runOnlyForDeploymentPostprocessing = 0;
		};
/* End PBXCopyFilesBuildPhase section */

/* Begin PBXFileReference section */
		3803F9572962609800030C35 /* AMDmath.cpp */ = {isa = PBXFileReference; lastKnownFileType = sourcecode.cpp.cpp; path = AMDmath.cpp; sourceTree = "<group>"; };
		3803F9582962609900030C35 /* AMDmath.hpp */ = {isa = PBXFileReference; lastKnownFileType = sourcecode.cpp.h; path = AMDmath.hpp; sourceTree = "<group>"; };
		3826BD59295E4F1100938F3B /* SimViz */ = {isa = PBXFileReference; explicitFileType = "compiled.mach-o.executable"; includeInIndex = 0; path = SimViz; sourceTree = BUILT_PRODUCTS_DIR; };
		3826BD5C295E4F1100938F3B /* main.cpp */ = {isa = PBXFileReference; lastKnownFileType = sourcecode.cpp.cpp; path = main.cpp; sourceTree = "<group>"; };
		3826BD68295E5BD500938F3B /* OpenGL.framework */ = {isa = PBXFileReference; lastKnownFileType = wrapper.framework; name = OpenGL.framework; path = System/Library/Frameworks/OpenGL.framework; sourceTree = SDKROOT; };
		3826BD6A295E5C3800938F3B /* GLUT.framework */ = {isa = PBXFileReference; lastKnownFileType = wrapper.framework; name = GLUT.framework; path = System/Library/Frameworks/GLUT.framework; sourceTree = SDKROOT; };
		3826BD6C295E5CD500938F3B /* libGLEW.2.2.0.dylib */ = {isa = PBXFileReference; lastKnownFileType = "compiled.mach-o.dylib"; name = libGLEW.2.2.0.dylib; path = ../../../../../opt/homebrew/Cellar/glew/2.2.0_1/lib/libGLEW.2.2.0.dylib; sourceTree = "<group>"; };
		3826BD70295E5D1600938F3B /* libglfw.3.3.dylib */ = {isa = PBXFileReference; lastKnownFileType = "compiled.mach-o.dylib"; name = libglfw.3.3.dylib; path = ../../../../../opt/homebrew/Cellar/glfw/3.3.7/lib/libglfw.3.3.dylib; sourceTree = "<group>"; };
		385A5C2C2968EBD000D500A7 /* vertexbuffer.hpp */ = {isa = PBXFileReference; fileEncoding = 4; lastKnownFileType = sourcecode.cpp.h; path = vertexbuffer.hpp; sourceTree = "<group>"; };
		385A5C2D2968EBD000D500A7 /* vertexbuffer.cpp */ = {isa = PBXFileReference; fileEncoding = 4; lastKnownFileType = sourcecode.cpp.cpp; path = vertexbuffer.cpp; sourceTree = "<group>"; };
		387E659E2968F6A800654F10 /* Shaders */ = {isa = PBXFileReference; lastKnownFileType = folder; path = Shaders; sourceTree = "<group>"; };
		389038F42964E63200F0E74B /* vertexarray.cpp */ = {isa = PBXFileReference; fileEncoding = 4; lastKnownFileType = sourcecode.cpp.cpp; path = vertexarray.cpp; sourceTree = "<group>"; };
		389038F52964E63200F0E74B /* vertexarray.hpp */ = {isa = PBXFileReference; fileEncoding = 4; lastKnownFileType = sourcecode.cpp.h; path = vertexarray.hpp; sourceTree = "<group>"; };
		389038F72964E81B00F0E74B /* OGL.h */ = {isa = PBXFileReference; lastKnownFileType = sourcecode.c.h; path = OGL.h; sourceTree = "<group>"; };
		389038F82964E8EA00F0E74B /* Object.cpp */ = {isa = PBXFileReference; lastKnownFileType = sourcecode.cpp.cpp; path = Object.cpp; sourceTree = "<group>"; };
		389038F92964E8EA00F0E74B /* Object.hpp */ = {isa = PBXFileReference; lastKnownFileType = sourcecode.cpp.h; path = Object.hpp; sourceTree = "<group>"; };
		389038FB2964EB2500F0E74B /* shader.hpp */ = {isa = PBXFileReference; fileEncoding = 4; lastKnownFileType = sourcecode.cpp.h; path = shader.hpp; sourceTree = "<group>"; };
		389038FC2964EB2500F0E74B /* shader.cpp */ = {isa = PBXFileReference; fileEncoding = 4; lastKnownFileType = sourcecode.cpp.cpp; path = shader.cpp; sourceTree = "<group>"; };
		389038FE2964EB5600F0E74B /* Operations.cpp */ = {isa = PBXFileReference; fileEncoding = 4; lastKnownFileType = sourcecode.cpp.cpp; path = Operations.cpp; sourceTree = "<group>"; };
		389038FF2964EB5600F0E74B /* Operations.hpp */ = {isa = PBXFileReference; fileEncoding = 4; lastKnownFileType = sourcecode.cpp.h; path = Operations.hpp; sourceTree = "<group>"; };
		389039012964EB8100F0E74B /* Shapes.cpp */ = {isa = PBXFileReference; fileEncoding = 4; lastKnownFileType = sourcecode.cpp.cpp; path = Shapes.cpp; sourceTree = "<group>"; };
		389039022964EB8100F0E74B /* Shapes.hpp */ = {isa = PBXFileReference; fileEncoding = 4; lastKnownFileType = sourcecode.cpp.h; path = Shapes.hpp; sourceTree = "<group>"; };
		38D212BC2968FDB600F69BE5 /* my_UI.hpp */ = {isa = PBXFileReference; fileEncoding = 4; lastKnownFileType = sourcecode.cpp.h; path = my_UI.hpp; sourceTree = "<group>"; };
		38D212BD2968FDB600F69BE5 /* my_UI.cpp */ = {isa = PBXFileReference; fileEncoding = 4; lastKnownFileType = sourcecode.cpp.cpp; path = my_UI.cpp; sourceTree = "<group>"; };
		38D212BF296907E000F69BE5 /* imgui.cpp */ = {isa = PBXFileReference; fileEncoding = 4; lastKnownFileType = sourcecode.cpp.cpp; path = imgui.cpp; sourceTree = "<group>"; };
		38D212C0296907E000F69BE5 /* imstb_rectpack.h */ = {isa = PBXFileReference; fileEncoding = 4; lastKnownFileType = sourcecode.c.h; path = imstb_rectpack.h; sourceTree = "<group>"; };
		38D212C1296907E000F69BE5 /* imgui_demo.cpp */ = {isa = PBXFileReference; fileEncoding = 4; lastKnownFileType = sourcecode.cpp.cpp; path = imgui_demo.cpp; sourceTree = "<group>"; };
		38D212C2296907E000F69BE5 /* imconfig.h */ = {isa = PBXFileReference; fileEncoding = 4; lastKnownFileType = sourcecode.c.h; path = imconfig.h; sourceTree = "<group>"; };
		38D212C3296907E000F69BE5 /* imgui_internal.h */ = {isa = PBXFileReference; fileEncoding = 4; lastKnownFileType = sourcecode.c.h; path = imgui_internal.h; sourceTree = "<group>"; };
		38D212C4296907E000F69BE5 /* LICENSE.txt */ = {isa = PBXFileReference; fileEncoding = 4; lastKnownFileType = text; path = LICENSE.txt; sourceTree = "<group>"; };
		38D212C5296907E000F69BE5 /* imgui_widgets.cpp */ = {isa = PBXFileReference; fileEncoding = 4; lastKnownFileType = sourcecode.cpp.cpp; path = imgui_widgets.cpp; sourceTree = "<group>"; };
		38D212C6296907E000F69BE5 /* imgui_draw.cpp */ = {isa = PBXFileReference; fileEncoding = 4; lastKnownFileType = sourcecode.cpp.cpp; path = imgui_draw.cpp; sourceTree = "<group>"; };
		38D212C7296907E000F69BE5 /* imgui.h */ = {isa = PBXFileReference; fileEncoding = 4; lastKnownFileType = sourcecode.c.h; path = imgui.h; sourceTree = "<group>"; };
		38D212C8296907E000F69BE5 /* imgui_tables.cpp */ = {isa = PBXFileReference; fileEncoding = 4; lastKnownFileType = sourcecode.cpp.cpp; path = imgui_tables.cpp; sourceTree = "<group>"; };
		38D212C9296907E000F69BE5 /* imstb_textedit.h */ = {isa = PBXFileReference; fileEncoding = 4; lastKnownFileType = sourcecode.c.h; path = imstb_textedit.h; sourceTree = "<group>"; };
		38D212CA296907E000F69BE5 /* imstb_truetype.h */ = {isa = PBXFileReference; fileEncoding = 4; lastKnownFileType = sourcecode.c.h; path = imstb_truetype.h; sourceTree = "<group>"; };
		38D212D0296907FC00F69BE5 /* imgui_impl_opengl3_loader.h */ = {isa = PBXFileReference; fileEncoding = 4; lastKnownFileType = sourcecode.c.h; path = imgui_impl_opengl3_loader.h; sourceTree = "<group>"; };
		38D212D1296907FC00F69BE5 /* imgui_impl_opengl3.cpp */ = {isa = PBXFileReference; fileEncoding = 4; lastKnownFileType = sourcecode.cpp.cpp; path = imgui_impl_opengl3.cpp; sourceTree = "<group>"; };
		38D212D2296907FC00F69BE5 /* imgui_impl_opengl3.h */ = {isa = PBXFileReference; fileEncoding = 4; lastKnownFileType = sourcecode.c.h; path = imgui_impl_opengl3.h; sourceTree = "<group>"; };
		38D212D42969084000F69BE5 /* imgui_impl_glfw.cpp */ = {isa = PBXFileReference; fileEncoding = 4; lastKnownFileType = sourcecode.cpp.cpp; path = imgui_impl_glfw.cpp; sourceTree = "<group>"; };
		38D212D52969084000F69BE5 /* imgui_impl_glfw.h */ = {isa = PBXFileReference; fileEncoding = 4; lastKnownFileType = sourcecode.c.h; path = imgui_impl_glfw.h; sourceTree = "<group>"; };
/* End PBXFileReference section */

/* Begin PBXFrameworksBuildPhase section */
		3826BD56295E4F1000938F3B /* Frameworks */ = {
			isa = PBXFrameworksBuildPhase;
			buildActionMask = 2147483647;
			files = (
				3826BD71295E5D1600938F3B /* libglfw.3.3.dylib in Frameworks */,
				3826BD6D295E5CD500938F3B /* libGLEW.2.2.0.dylib in Frameworks */,
				3826BD6B295E5C3800938F3B /* GLUT.framework in Frameworks */,
				3826BD69295E5BD500938F3B /* OpenGL.framework in Frameworks */,
			);
			runOnlyForDeploymentPostprocessing = 0;
		};
/* End PBXFrameworksBuildPhase section */

/* Begin PBXGroup section */
		3826BD50295E4F1000938F3B = {
			isa = PBXGroup;
			children = (
				387E659E2968F6A800654F10 /* Shaders */,
				3826BD63295E591300938F3B /* OutSideResources */,
				3826BD5B295E4F1100938F3B /* SimViz */,
				3826BD5A295E4F1100938F3B /* Products */,
				3826BD67295E5BD500938F3B /* Frameworks */,
			);
			sourceTree = "<group>";
		};
		3826BD5A295E4F1100938F3B /* Products */ = {
			isa = PBXGroup;
			children = (
				3826BD59295E4F1100938F3B /* SimViz */,
			);
			name = Products;
			sourceTree = "<group>";
		};
		3826BD5B295E4F1100938F3B /* SimViz */ = {
			isa = PBXGroup;
			children = (
				38D212BD2968FDB600F69BE5 /* my_UI.cpp */,
				38D212BC2968FDB600F69BE5 /* my_UI.hpp */,
				385A5C2D2968EBD000D500A7 /* vertexbuffer.cpp */,
				385A5C2C2968EBD000D500A7 /* vertexbuffer.hpp */,
				389039012964EB8100F0E74B /* Shapes.cpp */,
				389039022964EB8100F0E74B /* Shapes.hpp */,
				389038FE2964EB5600F0E74B /* Operations.cpp */,
				389038FF2964EB5600F0E74B /* Operations.hpp */,
				389038FC2964EB2500F0E74B /* shader.cpp */,
				389038FB2964EB2500F0E74B /* shader.hpp */,
				389038F42964E63200F0E74B /* vertexarray.cpp */,
				389038F52964E63200F0E74B /* vertexarray.hpp */,
				3826BD5C295E4F1100938F3B /* main.cpp */,
				3803F9572962609800030C35 /* AMDmath.cpp */,
				3803F9582962609900030C35 /* AMDmath.hpp */,
				389038F72964E81B00F0E74B /* OGL.h */,
				389038F82964E8EA00F0E74B /* Object.cpp */,
				389038F92964E8EA00F0E74B /* Object.hpp */,
			);
			path = SimViz;
			sourceTree = "<group>";
		};
		3826BD63295E591300938F3B /* OutSideResources */ = {
			isa = PBXGroup;
			children = (
				38D212D42969084000F69BE5 /* imgui_impl_glfw.cpp */,
				38D212D52969084000F69BE5 /* imgui_impl_glfw.h */,
				38D212D0296907FC00F69BE5 /* imgui_impl_opengl3_loader.h */,
				38D212D1296907FC00F69BE5 /* imgui_impl_opengl3.cpp */,
				38D212D2296907FC00F69BE5 /* imgui_impl_opengl3.h */,
				38D212C2296907E000F69BE5 /* imconfig.h */,
				38D212C1296907E000F69BE5 /* imgui_demo.cpp */,
				38D212C6296907E000F69BE5 /* imgui_draw.cpp */,
				38D212C3296907E000F69BE5 /* imgui_internal.h */,
				38D212C8296907E000F69BE5 /* imgui_tables.cpp */,
				38D212C5296907E000F69BE5 /* imgui_widgets.cpp */,
				38D212BF296907E000F69BE5 /* imgui.cpp */,
				38D212C7296907E000F69BE5 /* imgui.h */,
				38D212C0296907E000F69BE5 /* imstb_rectpack.h */,
				38D212C9296907E000F69BE5 /* imstb_textedit.h */,
				38D212CA296907E000F69BE5 /* imstb_truetype.h */,
				38D212C4296907E000F69BE5 /* LICENSE.txt */,
			);
			path = OutSideResources;
			sourceTree = "<group>";
		};
		3826BD67295E5BD500938F3B /* Frameworks */ = {
			isa = PBXGroup;
			children = (
				3826BD70295E5D1600938F3B /* libglfw.3.3.dylib */,
				3826BD6C295E5CD500938F3B /* libGLEW.2.2.0.dylib */,
				3826BD6A295E5C3800938F3B /* GLUT.framework */,
				3826BD68295E5BD500938F3B /* OpenGL.framework */,
			);
			name = Frameworks;
			sourceTree = "<group>";
		};
/* End PBXGroup section */

/* Begin PBXNativeTarget section */
		3826BD58295E4F1000938F3B /* SimViz */ = {
			isa = PBXNativeTarget;
			buildConfigurationList = 3826BD60295E4F1100938F3B /* Build configuration list for PBXNativeTarget "SimViz" */;
			buildPhases = (
				3826BD6F295E5CD500938F3B /* Embed Libraries */,
				3826BD56295E4F1000938F3B /* Frameworks */,
				3826BD55295E4F1000938F3B /* Sources */,
				3826BD57295E4F1000938F3B /* CopyFiles */,
			);
			buildRules = (
			);
			dependencies = (
			);
			name = SimViz;
			productName = SimViz;
			productReference = 3826BD59295E4F1100938F3B /* SimViz */;
			productType = "com.apple.product-type.tool";
		};
/* End PBXNativeTarget section */

/* Begin PBXProject section */
		3826BD51295E4F1000938F3B /* Project object */ = {
			isa = PBXProject;
			attributes = {
				BuildIndependentTargetsInParallel = 1;
				LastUpgradeCheck = 1320;
				TargetAttributes = {
					3826BD58295E4F1000938F3B = {
						CreatedOnToolsVersion = 13.2.1;
					};
				};
			};
			buildConfigurationList = 3826BD54295E4F1000938F3B /* Build configuration list for PBXProject "SimViz" */;
			compatibilityVersion = "Xcode 13.0";
			developmentRegion = en;
			hasScannedForEncodings = 0;
			knownRegions = (
				en,
				Base,
			);
			mainGroup = 3826BD50295E4F1000938F3B;
			productRefGroup = 3826BD5A295E4F1100938F3B /* Products */;
			projectDirPath = "";
			projectRoot = "";
			targets = (
				3826BD58295E4F1000938F3B /* SimViz */,
			);
		};
/* End PBXProject section */

/* Begin PBXSourcesBuildPhase section */
		3826BD55295E4F1000938F3B /* Sources */ = {
			isa = PBXSourcesBuildPhase;
			buildActionMask = 2147483647;
			files = (
				38D212CE296907E000F69BE5 /* imgui_draw.cpp in Sources */,
				389038FD2964EB2500F0E74B /* shader.cpp in Sources */,
				385A5C2E2968EBD000D500A7 /* vertexbuffer.cpp in Sources */,
				389039002964EB5600F0E74B /* Operations.cpp in Sources */,
				3826BD5D295E4F1100938F3B /* main.cpp in Sources */,
				389038F62964E63200F0E74B /* vertexarray.cpp in Sources */,
				38D212CC296907E000F69BE5 /* imgui_demo.cpp in Sources */,
				38D212D3296907FC00F69BE5 /* imgui_impl_opengl3.cpp in Sources */,
				389038FA2964E8EA00F0E74B /* Object.cpp in Sources */,
				38D212CD296907E000F69BE5 /* imgui_widgets.cpp in Sources */,
				38D212BE2968FDB600F69BE5 /* my_UI.cpp in Sources */,
				3803F9592962609900030C35 /* AMDmath.cpp in Sources */,
				389039032964EB8100F0E74B /* Shapes.cpp in Sources */,
				38D212CF296907E000F69BE5 /* imgui_tables.cpp in Sources */,
				38D212CB296907E000F69BE5 /* imgui.cpp in Sources */,
				38D212D62969084000F69BE5 /* imgui_impl_glfw.cpp in Sources */,
			);
			runOnlyForDeploymentPostprocessing = 0;
		};
/* End PBXSourcesBuildPhase section */

/* Begin XCBuildConfiguration section */
		3826BD5E295E4F1100938F3B /* Debug */ = {
			isa = XCBuildConfiguration;
			buildSettings = {
				ALWAYS_SEARCH_USER_PATHS = NO;
				CLANG_ANALYZER_NONNULL = YES;
				CLANG_ANALYZER_NUMBER_OBJECT_CONVERSION = YES_AGGRESSIVE;
				CLANG_CXX_LANGUAGE_STANDARD = "gnu++17";
				CLANG_CXX_LIBRARY = "libc++";
				CLANG_ENABLE_MODULES = YES;
				CLANG_ENABLE_OBJC_ARC = YES;
				CLANG_ENABLE_OBJC_WEAK = YES;
				CLANG_WARN_BLOCK_CAPTURE_AUTORELEASING = YES;
				CLANG_WARN_BOOL_CONVERSION = YES;
				CLANG_WARN_COMMA = YES;
				CLANG_WARN_CONSTANT_CONVERSION = YES;
				CLANG_WARN_DEPRECATED_OBJC_IMPLEMENTATIONS = YES;
				CLANG_WARN_DIRECT_OBJC_ISA_USAGE = YES_ERROR;
				CLANG_WARN_DOCUMENTATION_COMMENTS = YES;
				CLANG_WARN_EMPTY_BODY = YES;
				CLANG_WARN_ENUM_CONVERSION = YES;
				CLANG_WARN_INFINITE_RECURSION = YES;
				CLANG_WARN_INT_CONVERSION = YES;
				CLANG_WARN_NON_LITERAL_NULL_CONVERSION = YES;
				CLANG_WARN_OBJC_IMPLICIT_RETAIN_SELF = YES;
				CLANG_WARN_OBJC_LITERAL_CONVERSION = YES;
				CLANG_WARN_OBJC_ROOT_CLASS = YES_ERROR;
				CLANG_WARN_QUOTED_INCLUDE_IN_FRAMEWORK_HEADER = YES;
				CLANG_WARN_RANGE_LOOP_ANALYSIS = YES;
				CLANG_WARN_STRICT_PROTOTYPES = YES;
				CLANG_WARN_SUSPICIOUS_MOVE = YES;
				CLANG_WARN_UNGUARDED_AVAILABILITY = YES_AGGRESSIVE;
				CLANG_WARN_UNREACHABLE_CODE = YES;
				CLANG_WARN__DUPLICATE_METHOD_MATCH = YES;
				COPY_PHASE_STRIP = NO;
				DEBUG_INFORMATION_FORMAT = dwarf;
				ENABLE_STRICT_OBJC_MSGSEND = YES;
				ENABLE_TESTABILITY = YES;
				GCC_C_LANGUAGE_STANDARD = gnu11;
				GCC_DYNAMIC_NO_PIC = NO;
				GCC_NO_COMMON_BLOCKS = YES;
				GCC_OPTIMIZATION_LEVEL = 0;
				GCC_PREPROCESSOR_DEFINITIONS = (
					"DEBUG=1",
					"$(inherited)",
				);
				GCC_WARN_64_TO_32_BIT_CONVERSION = YES;
				GCC_WARN_ABOUT_RETURN_TYPE = YES_ERROR;
				GCC_WARN_UNDECLARED_SELECTOR = YES;
				GCC_WARN_UNINITIALIZED_AUTOS = YES_AGGRESSIVE;
				GCC_WARN_UNUSED_FUNCTION = YES;
				GCC_WARN_UNUSED_VARIABLE = YES;
				MACOSX_DEPLOYMENT_TARGET = 11.6;
				MTL_ENABLE_DEBUG_INFO = INCLUDE_SOURCE;
				MTL_FAST_MATH = YES;
				ONLY_ACTIVE_ARCH = YES;
				SDKROOT = macosx;
			};
			name = Debug;
		};
		3826BD5F295E4F1100938F3B /* Release */ = {
			isa = XCBuildConfiguration;
			buildSettings = {
				ALWAYS_SEARCH_USER_PATHS = NO;
				CLANG_ANALYZER_NONNULL = YES;
				CLANG_ANALYZER_NUMBER_OBJECT_CONVERSION = YES_AGGRESSIVE;
				CLANG_CXX_LANGUAGE_STANDARD = "gnu++17";
				CLANG_CXX_LIBRARY = "libc++";
				CLANG_ENABLE_MODULES = YES;
				CLANG_ENABLE_OBJC_ARC = YES;
				CLANG_ENABLE_OBJC_WEAK = YES;
				CLANG_WARN_BLOCK_CAPTURE_AUTORELEASING = YES;
				CLANG_WARN_BOOL_CONVERSION = YES;
				CLANG_WARN_COMMA = YES;
				CLANG_WARN_CONSTANT_CONVERSION = YES;
				CLANG_WARN_DEPRECATED_OBJC_IMPLEMENTATIONS = YES;
				CLANG_WARN_DIRECT_OBJC_ISA_USAGE = YES_ERROR;
				CLANG_WARN_DOCUMENTATION_COMMENTS = YES;
				CLANG_WARN_EMPTY_BODY = YES;
				CLANG_WARN_ENUM_CONVERSION = YES;
				CLANG_WARN_INFINITE_RECURSION = YES;
				CLANG_WARN_INT_CONVERSION = YES;
				CLANG_WARN_NON_LITERAL_NULL_CONVERSION = YES;
				CLANG_WARN_OBJC_IMPLICIT_RETAIN_SELF = YES;
				CLANG_WARN_OBJC_LITERAL_CONVERSION = YES;
				CLANG_WARN_OBJC_ROOT_CLASS = YES_ERROR;
				CLANG_WARN_QUOTED_INCLUDE_IN_FRAMEWORK_HEADER = YES;
				CLANG_WARN_RANGE_LOOP_ANALYSIS = YES;
				CLANG_WARN_STRICT_PROTOTYPES = YES;
				CLANG_WARN_SUSPICIOUS_MOVE = YES;
				CLANG_WARN_UNGUARDED_AVAILABILITY = YES_AGGRESSIVE;
				CLANG_WARN_UNREACHABLE_CODE = YES;
				CLANG_WARN__DUPLICATE_METHOD_MATCH = YES;
				COPY_PHASE_STRIP = NO;
				DEBUG_INFORMATION_FORMAT = "dwarf-with-dsym";
				ENABLE_NS_ASSERTIONS = NO;
				ENABLE_STRICT_OBJC_MSGSEND = YES;
				GCC_C_LANGUAGE_STANDARD = gnu11;
				GCC_NO_COMMON_BLOCKS = YES;
				GCC_WARN_64_TO_32_BIT_CONVERSION = YES;
				GCC_WARN_ABOUT_RETURN_TYPE = YES_ERROR;
				GCC_WARN_UNDECLARED_SELECTOR = YES;
				GCC_WARN_UNINITIALIZED_AUTOS = YES_AGGRESSIVE;
				GCC_WARN_UNUSED_FUNCTION = YES;
				GCC_WARN_UNUSED_VARIABLE = YES;
				MACOSX_DEPLOYMENT_TARGET = 11.6;
				MTL_ENABLE_DEBUG_INFO = NO;
				MTL_FAST_MATH = YES;
				SDKROOT = macosx;
			};
			name = Release;
		};
		3826BD61295E4F1100938F3B /* Debug */ = {
			isa = XCBuildConfiguration;
			buildSettings = {
				CLANG_WARN_DEPRECATED_OBJC_IMPLEMENTATIONS = NO;
				CLANG_WARN_DOCUMENTATION_COMMENTS = NO;
				CODE_SIGN_STYLE = Automatic;
				HEADER_SEARCH_PATHS = (
					/opt/homebrew/Cellar/glfw/3.3.7/include,
					"/opt/homebrew/Cellar/glew/2.2.0_1/include\n#include",
					"\"Render.hpp\"\n#include",
					"<GLFW/glfw3.h>\n#include",
					"<OpenGL/gl.h>\n#include",
					"<OpenGL/glu.h>\n#include",
					"\"vertexbuffer.hpp\"\n#include",
					"\"vertexarray.hpp\"\n#include",
					"\"Shapes.hpp\"\n#include",
					"\"shader.hpp\"\n#include",
					"\"Operations.hpp\"\n#include",
					"\"Atomic.hpp\"\n#include",
					"\"Texture.hpp\"\n#include",
					"\"Simulation.hpp\"\n\nextern",
					int,
					"num_atoms;\nextern",
					const,
					"std::string",
					"SRCS;\n\nAMD::Mat4",
					CT,
					"=",
					"ROTATION_MATRIX(AMD::Vec3(0.0,",
					"0.0,",
					"0.78539));\n\nvoid",
					"TEST(){\n",
					"std::string",
					Basic_shader_file,
					"=",
					"\"/Users/diggs/Desktop/OpenGL/OpenGL/Shaders/Sphere.vs\";\n",
					Sphere,
					"sp(1.0);\n",
					VertexArray,
					"VAO;
",
					VertexBuffer,
					"vb(sp.verts,",
					"sp.num_verts()*sizeof(AMD::Vertex),",
					"10);
",
					"VAO.Add_Vertex_Buffer(vb);\n",
					IndexBuffer,
					"IBO;
",
					"IBO.Gen_Buffer(sp.indices,sp.num_idx());\n",
					Shader,
					"sh(Basic_shader_file);\n",
					"

",
					"
",
					Texture,
					"tx;
",
					"tx.Image_Texture_RGB(0,",
					"\"spring2.jpg\");\n",
					"tx.Image_Texture(1,",
					"\"moon.png\");\n",
					"tx.Image_Texture_RGB(2,",
					"\"MoonNormal.jpg\");\n",
					"sh.bind();\n",
					"sh.unbind();\n",
					"\n}\n\n\n\nint",
					"main(void)\n{\n",
					"
",
					"std::string",
					fname,
					"=",
					"SRCS+\"PEsurface_norm.xyz\";\n",
					"std::string",
					atom_file,
					"=",
					"\"/Users/diggs/Desktop/OpenGL/OTHER/atom_test.atom\";\n",
					"std::string",
					Basic_shader_file,
					"=",
					"\"/Users/diggs/Desktop/OpenGL/OpenGL/Shaders/Basic.vs\";\n",
					"


",
					"

",
					"
",
					"
",
					"
",
					"
",
					Renderer,
					"my_rend(100,",
					"900,",
					"\"Hello World\",",
					"NULL,",
					"NULL,",
					"false);\n",
					UI_Window,
					"ui(0.0,0.0,my_rend.draw_window());\n",
					"

",
					"
",
					"
",
					Texture,
					"tx;
",
					"//tx.Gen_Noise(0);\n",
					"tx.Image_Texture_RGB(0,",
					"\"MoonNormal.jpg\");\n",
					"tx.Image_Texture(2,",
					"\"water.png\");\n",
					"tx.Image_Texture(1,",
					"\"moon.png\");\n",
					"
",
					"

",
					Test_Object,
					"tst(tx);\n",
					"
",
					"//Ensamble_Of_Atoms",
					"ats(atom_file,",
					"tx);
",
					"//ats.Compute_Neighbors();\n",
					"
",
					"//Bonds",
					"bds(ats,tx);\n",
					"//Grid_Mesh",
					"gr(tx);\n",
					"//Quad_Mesh",
					"qd(tx,AMD::Vec3(3.0,1.0,1.0),'F');\n",
					"//Box_Bounds",
					"BB(tx,",
					"ats.Get_Box());\n",
					"
",
					"
",
					Operator,
					"op;
",
					Light_Src,
					"l_src;\n",
					"

",
					"
",
					float,
					dx,
					"=",
					"0.0;
",
					"AMD::Vec3",
					"m_vec(0.0,",
					"0.0,",
					"0.0);\n",
					int,
					counter,
					"=",
					"0;
",
					"
",
					while,
					"(!my_rend.is_open())\n",
					"{
",
					"/*",
					Render,
					here,
					"*/
",
					"my_rend.clear(ui);\n",
					"ui.Simple_window(op,",
					"l_src,",
					"my_rend.m_w,",
					"my_rend.m_h);\n",
					"ui.log_window(op.Get_MV());\n",
					"ui.log_window(op.Get_MVP());\n",
					"
",
					"
",
					"tst.Set_Op(op,",
					"l_src);\n",
					"my_rend.Draw(tst);\n",
					"//ats.m_sh.bind();\n",
					"//ats.Set_Op(op,",
					"l_src);\n",
					"//my_rend.Draw_Instanced(ats,",
					"GL_TRIANGLES,num_atoms);\n",
					"//
",
					"//bds.Set_Op(op,",
					"l_src);\n",
					"//my_rend.Draw_Instanced(bds,",
					"GL_TRIANGLES,",
					"bds.num_bonds);\n",
					"//BB.m_sh.bind();\n",
					"//BB.Set_Op(op,",
					"l_src);\n",
					"//my_rend.Draw(BB);\n",
					"
",
					"//qd.m_sh.bind();\n",
					"//qd.Set_Op(op,",
					"l_src);\n",
					"//glUniform3f(tr_loc2,",
					"0.5*cos(dx),0.0,0.0);\n",
					"//my_rend.Draw(qd,",
					"GL_TRIANGLES);\n",
					"
",
					"
",
					"
",
					"
",
					"if(!(counter%5)){\n",
					"dx+=0.314;\n",
					"}
",
					"counter++;\n",
					"ui.render();\n",
					"my_rend.poll();\n",
					"
",
					"}
",
					"

",
					"
",
					return,
					"0;\n}\n/opt/homebrew/Cellar/glew/2.2.0_1/include",
				);
				LIBRARY_SEARCH_PATHS = (
					"$(inherited)",
					/opt/homebrew/Cellar/glew/2.2.0_1/lib,
					/opt/homebrew/Cellar/glfw/3.3.7/lib,
					"$(PROJECT_DIR)/OutSideResources/imgui/examples/libs/glfw/lib-vc2010-64",
					"$(PROJECT_DIR)/OutSideResources/imgui/examples/libs/glfw/lib-vc2010-32",
				);
				PRODUCT_NAME = "$(TARGET_NAME)";
			};
			name = Debug;
		};
		3826BD62295E4F1100938F3B /* Release */ = {
			isa = XCBuildConfiguration;
			buildSettings = {
				CLANG_WARN_DEPRECATED_OBJC_IMPLEMENTATIONS = NO;
				CLANG_WARN_DOCUMENTATION_COMMENTS = NO;
				CODE_SIGN_STYLE = Automatic;
				HEADER_SEARCH_PATHS = (
					/opt/homebrew/Cellar/glfw/3.3.7/include,
					"/opt/homebrew/Cellar/glew/2.2.0_1/include\n#include",
					"\"Render.hpp\"\n#include",
					"<GLFW/glfw3.h>\n#include",
					"<OpenGL/gl.h>\n#include",
					"<OpenGL/glu.h>\n#include",
					"\"vertexbuffer.hpp\"\n#include",
					"\"vertexarray.hpp\"\n#include",
					"\"Shapes.hpp\"\n#include",
					"\"shader.hpp\"\n#include",
					"\"Operations.hpp\"\n#include",
					"\"Atomic.hpp\"\n#include",
					"\"Texture.hpp\"\n#include",
					"\"Simulation.hpp\"\n\nextern",
					int,
					"num_atoms;\nextern",
					const,
					"std::string",
					"SRCS;\n\nAMD::Mat4",
					CT,
					"=",
					"ROTATION_MATRIX(AMD::Vec3(0.0,",
					"0.0,",
					"0.78539));\n\nvoid",
					"TEST(){\n",
					"std::string",
					Basic_shader_file,
					"=",
					"\"/Users/diggs/Desktop/OpenGL/OpenGL/Shaders/Sphere.vs\";\n",
					Sphere,
					"sp(1.0);\n",
					VertexArray,
					"VAO;
",
					VertexBuffer,
					"vb(sp.verts,",
					"sp.num_verts()*sizeof(AMD::Vertex),",
					"10);
",
					"VAO.Add_Vertex_Buffer(vb);\n",
					IndexBuffer,
					"IBO;
",
					"IBO.Gen_Buffer(sp.indices,sp.num_idx());\n",
					Shader,
					"sh(Basic_shader_file);\n",
					"

",
					"
",
					Texture,
					"tx;
",
					"tx.Image_Texture_RGB(0,",
					"\"spring2.jpg\");\n",
					"tx.Image_Texture(1,",
					"\"moon.png\");\n",
					"tx.Image_Texture_RGB(2,",
					"\"MoonNormal.jpg\");\n",
					"sh.bind();\n",
					"sh.unbind();\n",
					"\n}\n\n\n\nint",
					"main(void)\n{\n",
					"
",
					"std::string",
					fname,
					"=",
					"SRCS+\"PEsurface_norm.xyz\";\n",
					"std::string",
					atom_file,
					"=",
					"\"/Users/diggs/Desktop/OpenGL/OTHER/atom_test.atom\";\n",
					"std::string",
					Basic_shader_file,
					"=",
					"\"/Users/diggs/Desktop/OpenGL/OpenGL/Shaders/Basic.vs\";\n",
					"


",
					"

",
					"
",
					"
",
					"
",
					"
",
					Renderer,
					"my_rend(100,",
					"900,",
					"\"Hello World\",",
					"NULL,",
					"NULL,",
					"false);\n",
					UI_Window,
					"ui(0.0,0.0,my_rend.draw_window());\n",
					"

",
					"
",
					"
",
					Texture,
					"tx;
",
					"//tx.Gen_Noise(0);\n",
					"tx.Image_Texture_RGB(0,",
					"\"MoonNormal.jpg\");\n",
					"tx.Image_Texture(2,",
					"\"water.png\");\n",
					"tx.Image_Texture(1,",
					"\"moon.png\");\n",
					"
",
					"

",
					Test_Object,
					"tst(tx);\n",
					"
",
					"//Ensamble_Of_Atoms",
					"ats(atom_file,",
					"tx);
",
					"//ats.Compute_Neighbors();\n",
					"
",
					"//Bonds",
					"bds(ats,tx);\n",
					"//Grid_Mesh",
					"gr(tx);\n",
					"//Quad_Mesh",
					"qd(tx,AMD::Vec3(3.0,1.0,1.0),'F');\n",
					"//Box_Bounds",
					"BB(tx,",
					"ats.Get_Box());\n",
					"
",
					"
",
					Operator,
					"op;
",
					Light_Src,
					"l_src;\n",
					"

",
					"
",
					float,
					dx,
					"=",
					"0.0;
",
					"AMD::Vec3",
					"m_vec(0.0,",
					"0.0,",
					"0.0);\n",
					int,
					counter,
					"=",
					"0;
",
					"
",
					while,
					"(!my_rend.is_open())\n",
					"{
",
					"/*",
					Render,
					here,
					"*/
",
					"my_rend.clear(ui);\n",
					"ui.Simple_window(op,",
					"l_src,",
					"my_rend.m_w,",
					"my_rend.m_h);\n",
					"ui.log_window(op.Get_MV());\n",
					"ui.log_window(op.Get_MVP());\n",
					"
",
					"
",
					"tst.Set_Op(op,",
					"l_src);\n",
					"my_rend.Draw(tst);\n",
					"//ats.m_sh.bind();\n",
					"//ats.Set_Op(op,",
					"l_src);\n",
					"//my_rend.Draw_Instanced(ats,",
					"GL_TRIANGLES,num_atoms);\n",
					"//
",
					"//bds.Set_Op(op,",
					"l_src);\n",
					"//my_rend.Draw_Instanced(bds,",
					"GL_TRIANGLES,",
					"bds.num_bonds);\n",
					"//BB.m_sh.bind();\n",
					"//BB.Set_Op(op,",
					"l_src);\n",
					"//my_rend.Draw(BB);\n",
					"
",
					"//qd.m_sh.bind();\n",
					"//qd.Set_Op(op,",
					"l_src);\n",
					"//glUniform3f(tr_loc2,",
					"0.5*cos(dx),0.0,0.0);\n",
					"//my_rend.Draw(qd,",
					"GL_TRIANGLES);\n",
					"
",
					"
",
					"
",
					"
",
					"if(!(counter%5)){\n",
					"dx+=0.314;\n",
					"}
",
					"counter++;\n",
					"ui.render();\n",
					"my_rend.poll();\n",
					"
",
					"}
",
					"

",
					"
",
					return,
					"0;\n}\n/opt/homebrew/Cellar/glew/2.2.0_1/include",
				);
				LIBRARY_SEARCH_PATHS = (
					"$(inherited)",
					/opt/homebrew/Cellar/glew/2.2.0_1/lib,
					/opt/homebrew/Cellar/glfw/3.3.7/lib,
					"$(PROJECT_DIR)/OutSideResources/imgui/examples/libs/glfw/lib-vc2010-64",
					"$(PROJECT_DIR)/OutSideResources/imgui/examples/libs/glfw/lib-vc2010-32",
				);
				PRODUCT_NAME = "$(TARGET_NAME)";
			};
			name = Release;
		};
/* End XCBuildConfiguration section */

/* Begin XCConfigurationList section */
		3826BD54295E4F1000938F3B /* Build configuration list for PBXProject "SimViz" */ = {
			isa = XCConfigurationList;
			buildConfigurations = (
				3826BD5E295E4F1100938F3B /* Debug */,
				3826BD5F295E4F1100938F3B /* Release */,
			);
			defaultConfigurationIsVisible = 0;
			defaultConfigurationName = Release;
		};
		3826BD60295E4F1100938F3B /* Build configuration list for PBXNativeTarget "SimViz" */ = {
			isa = XCConfigurationList;
			buildConfigurations = (
				3826BD61295E4F1100938F3B /* Debug */,
				3826BD62295E4F1100938F3B /* Release */,
			);
			defaultConfigurationIsVisible = 0;
			defaultConfigurationName = Release;
		};
/* End XCConfigurationList section */
	};
	rootObject = 3826BD51295E4F1000938F3B /* Project object */;
}
